<?xml version="1.0" encoding="utf-8"?>
<Project ToolsVersion="4.0" xmlns="http://schemas.microsoft.com/developer/msbuild/2003">
  <ItemGroup>
    <Filter Include="Resource Files">
      <UniqueIdentifier>{67DA6AB6-F800-4c08-8B7A-83BB121AAD01}</UniqueIdentifier>
      <Extensions>rc;ico;cur;bmp;dlg;rc2;rct;bin;rgs;gif;jpg;jpeg;jpe;resx;tiff;tif;png;wav;mfcribbon-ms</Extensions>
    </Filter>
    <Filter Include="F4SE">
      <UniqueIdentifier>{f04c19c9-44e2-4a8f-8a70-8aa5afbd3ca2}</UniqueIdentifier>
    </Filter>
    <Filter Include="Protocol">
      <UniqueIdentifier>{fea7145d-526f-4533-988b-15971e2208b2}</UniqueIdentifier>
    </Filter>
    <Filter Include="Champollion">
      <UniqueIdentifier>{220e1ccd-6c56-4e14-b586-a8e5b7de43db}</UniqueIdentifier>
    </Filter>
    <Filter Include="Champollion\Pex">
      <UniqueIdentifier>{1d2d9ebf-dc48-41d0-be78-4e6dbbcf4384}</UniqueIdentifier>
    </Filter>
    <Filter Include="Champollion\Decompiler">
      <UniqueIdentifier>{8e1af603-bdf4-4529-9609-c014a645ddbd}</UniqueIdentifier>
    </Filter>
    <Filter Include="Champollion\Decompiler\Node">
      <UniqueIdentifier>{07df9372-9e46-4e29-92d9-fb1a24da8683}</UniqueIdentifier>
    </Filter>
  </ItemGroup>
  <ItemGroup>
    <ClInclude Include="..\..\dependencies\f4se\src\f4se\f4se\PluginAPI.h">
      <Filter>F4SE</Filter>
    </ClInclude>
    <ClInclude Include="resource.h" />
    <ClInclude Include="..\..\dependencies\f4se\src\f4se\f4se\PapyrusVM.h">
      <Filter>F4SE</Filter>
    </ClInclude>
    <ClInclude Include="..\..\dependencies\f4se\src\f4se\f4se\PapyrusNativeFunctions.h">
      <Filter>F4SE</Filter>
    </ClInclude>
    <ClInclude Include="..\..\dependencies\f4se\src\f4se\f4se\GameTypes.h">
      <Filter>F4SE</Filter>
    </ClInclude>
    <ClInclude Include="..\..\dependencies\f4se\src\f4se\f4se\GameUtilities.h">
      <Filter>F4SE</Filter>
    </ClInclude>
    <ClInclude Include="DebugServer.h" />
    <ClInclude Include="DebugServerSession.h" />
    <ClInclude Include="PapyrusDebugger.h" />
    <ClInclude Include="Pex.h" />
    <ClInclude Include="PexCache.h" />
    <ClInclude Include="RuntimeEvents.h" />
    <ClInclude Include="ScriptInfo.h" />
    <ClInclude Include="Tasks.h" />
    <ClInclude Include="Websocket.h" />
    <ClInclude Include="protocol\cputil.h">
      <Filter>Protocol</Filter>
    </ClInclude>
    <ClInclude Include="protocol\debugger.h">
      <Filter>Protocol</Filter>
    </ClInclude>
    <ClInclude Include="protocol\protocol.h">
      <Filter>Protocol</Filter>
    </ClInclude>
    <ClInclude Include="protocol\torelease.h">
      <Filter>Protocol</Filter>
    </ClInclude>
    <ClInclude Include="protocol\vscodeprotocol.h">
      <Filter>Protocol</Filter>
    </ClInclude>
    <ClInclude Include="GameInterfaces.h" />
    <ClInclude Include="PexStreamReader.hpp" />
    <ClInclude Include="..\..\dependencies\Champollion\Pex\Binary.hpp">
      <Filter>Champollion\Pex</Filter>
    </ClInclude>
    <ClInclude Include="..\..\dependencies\Champollion\Pex\DebugInfo.hpp">
      <Filter>Champollion\Pex</Filter>
    </ClInclude>
    <ClInclude Include="..\..\dependencies\Champollion\Pex\DocumentedItem.hpp">
      <Filter>Champollion\Pex</Filter>
    </ClInclude>
    <ClInclude Include="..\..\dependencies\Champollion\Pex\FileReader.hpp">
      <Filter>Champollion\Pex</Filter>
    </ClInclude>
    <ClInclude Include="..\..\dependencies\Champollion\Pex\Function.hpp">
      <Filter>Champollion\Pex</Filter>
    </ClInclude>
    <ClInclude Include="..\..\dependencies\Champollion\Pex\Header.hpp">
      <Filter>Champollion\Pex</Filter>
    </ClInclude>
    <ClInclude Include="..\..\dependencies\Champollion\Pex\Instruction.hpp">
      <Filter>Champollion\Pex</Filter>
    </ClInclude>
    <ClInclude Include="..\..\dependencies\Champollion\Pex\NamedItem.hpp">
      <Filter>Champollion\Pex</Filter>
    </ClInclude>
    <ClInclude Include="..\..\dependencies\Champollion\Pex\Object.hpp">
      <Filter>Champollion\Pex</Filter>
    </ClInclude>
    <ClInclude Include="..\..\dependencies\Champollion\Pex\Property.hpp">
      <Filter>Champollion\Pex</Filter>
    </ClInclude>
    <ClInclude Include="..\..\dependencies\Champollion\Pex\State.hpp">
      <Filter>Champollion\Pex</Filter>
    </ClInclude>
    <ClInclude Include="..\..\dependencies\Champollion\Pex\StringTable.hpp">
      <Filter>Champollion\Pex</Filter>
    </ClInclude>
    <ClInclude Include="..\..\dependencies\Champollion\Pex\StructInfo.hpp">
      <Filter>Champollion\Pex</Filter>
    </ClInclude>
    <ClInclude Include="..\..\dependencies\Champollion\Pex\TypedItem.hpp">
      <Filter>Champollion\Pex</Filter>
    </ClInclude>
    <ClInclude Include="..\..\dependencies\Champollion\Pex\TypedName.hpp">
      <Filter>Champollion\Pex</Filter>
    </ClInclude>
    <ClInclude Include="..\..\dependencies\Champollion\Pex\UserFlag.hpp">
      <Filter>Champollion\Pex</Filter>
    </ClInclude>
    <ClInclude Include="..\..\dependencies\Champollion\Pex\UserFlagged.hpp">
      <Filter>Champollion\Pex</Filter>
    </ClInclude>
    <ClInclude Include="..\..\dependencies\Champollion\Pex\Value.hpp">
      <Filter>Champollion\Pex</Filter>
    </ClInclude>
    <ClInclude Include="..\..\dependencies\Champollion\Pex\Variable.hpp">
      <Filter>Champollion\Pex</Filter>
    </ClInclude>
    <ClInclude Include="..\..\dependencies\Champollion\Decompiler\AsmCoder.hpp">
      <Filter>Champollion\Decompiler</Filter>
    </ClInclude>
    <ClInclude Include="..\..\dependencies\Champollion\Decompiler\Coder.hpp">
      <Filter>Champollion\Decompiler</Filter>
    </ClInclude>
    <ClInclude Include="..\..\dependencies\Champollion\Decompiler\DumpTree.hpp">
      <Filter>Champollion\Decompiler</Filter>
    </ClInclude>
    <ClInclude Include="..\..\dependencies\Champollion\Decompiler\OutputWriter.hpp">
      <Filter>Champollion\Decompiler</Filter>
    </ClInclude>
    <ClInclude Include="..\..\dependencies\Champollion\Decompiler\PscCodeBlock.hpp">
      <Filter>Champollion\Decompiler</Filter>
    </ClInclude>
    <ClInclude Include="..\..\dependencies\Champollion\Decompiler\PscCodeGenerator.hpp">
      <Filter>Champollion\Decompiler</Filter>
    </ClInclude>
    <ClInclude Include="..\..\dependencies\Champollion\Decompiler\PscCoder.hpp">
      <Filter>Champollion\Decompiler</Filter>
    </ClInclude>
    <ClInclude Include="..\..\dependencies\Champollion\Decompiler\PscDecompiler.hpp">
      <Filter>Champollion\Decompiler</Filter>
    </ClInclude>
    <ClInclude Include="..\..\dependencies\Champollion\Decompiler\StreamWriter.hpp">
      <Filter>Champollion\Decompiler</Filter>
    </ClInclude>
    <ClInclude Include="..\..\dependencies\Champollion\Decompiler\Node\ArrayAccess.hpp">
      <Filter>Champollion\Decompiler\Node</Filter>
    </ClInclude>
    <ClInclude Include="..\..\dependencies\Champollion\Decompiler\Node\ArrayCreate.hpp">
      <Filter>Champollion\Decompiler\Node</Filter>
    </ClInclude>
    <ClInclude Include="..\..\dependencies\Champollion\Decompiler\Node\ArrayLength.hpp">
      <Filter>Champollion\Decompiler\Node</Filter>
    </ClInclude>
    <ClInclude Include="..\..\dependencies\Champollion\Decompiler\Node\Assign.hpp">
      <Filter>Champollion\Decompiler\Node</Filter>
    </ClInclude>
    <ClInclude Include="..\..\dependencies\Champollion\Decompiler\Node\AssignOperator.hpp">
      <Filter>Champollion\Decompiler\Node</Filter>
    </ClInclude>
    <ClInclude Include="..\..\dependencies\Champollion\Decompiler\Node\Base.hpp">
      <Filter>Champollion\Decompiler\Node</Filter>
    </ClInclude>
    <ClInclude Include="..\..\dependencies\Champollion\Decompiler\Node\BinaryOperator.hpp">
      <Filter>Champollion\Decompiler\Node</Filter>
    </ClInclude>
    <ClInclude Include="..\..\dependencies\Champollion\Decompiler\Node\CallMethod.hpp">
      <Filter>Champollion\Decompiler\Node</Filter>
    </ClInclude>
    <ClInclude Include="..\..\dependencies\Champollion\Decompiler\Node\Cast.hpp">
      <Filter>Champollion\Decompiler\Node</Filter>
    </ClInclude>
    <ClInclude Include="..\..\dependencies\Champollion\Decompiler\Node\Constant.hpp">
      <Filter>Champollion\Decompiler\Node</Filter>
    </ClInclude>
    <ClInclude Include="..\..\dependencies\Champollion\Decompiler\Node\Copy.hpp">
      <Filter>Champollion\Decompiler\Node</Filter>
    </ClInclude>
    <ClInclude Include="..\..\dependencies\Champollion\Decompiler\Node\Declare.hpp">
      <Filter>Champollion\Decompiler\Node</Filter>
    </ClInclude>
    <ClInclude Include="..\..\dependencies\Champollion\Decompiler\Node\FieldNodeMixin.hpp">
      <Filter>Champollion\Decompiler\Node</Filter>
    </ClInclude>
    <ClInclude Include="..\..\dependencies\Champollion\Decompiler\Node\IdentifierString.hpp">
      <Filter>Champollion\Decompiler\Node</Filter>
    </ClInclude>
    <ClInclude Include="..\..\dependencies\Champollion\Decompiler\Node\IfElse.hpp">
      <Filter>Champollion\Decompiler\Node</Filter>
    </ClInclude>
    <ClInclude Include="..\..\dependencies\Champollion\Decompiler\Node\NodeComparer.hpp">
      <Filter>Champollion\Decompiler\Node</Filter>
    </ClInclude>
    <ClInclude Include="..\..\dependencies\Champollion\Decompiler\Node\Nodes.hpp">
      <Filter>Champollion\Decompiler\Node</Filter>
    </ClInclude>
    <ClInclude Include="..\..\dependencies\Champollion\Decompiler\Node\Params.hpp">
      <Filter>Champollion\Decompiler\Node</Filter>
    </ClInclude>
    <ClInclude Include="..\..\dependencies\Champollion\Decompiler\Node\PropertyAccess.hpp">
      <Filter>Champollion\Decompiler\Node</Filter>
    </ClInclude>
    <ClInclude Include="..\..\dependencies\Champollion\Decompiler\Node\Return.hpp">
      <Filter>Champollion\Decompiler\Node</Filter>
    </ClInclude>
    <ClInclude Include="..\..\dependencies\Champollion\Decompiler\Node\Scope.hpp">
      <Filter>Champollion\Decompiler\Node</Filter>
    </ClInclude>
    <ClInclude Include="..\..\dependencies\Champollion\Decompiler\Node\StructCreate.hpp">
      <Filter>Champollion\Decompiler\Node</Filter>
    </ClInclude>
    <ClInclude Include="..\..\dependencies\Champollion\Decompiler\Node\UnaryOperator.hpp">
      <Filter>Champollion\Decompiler\Node</Filter>
    </ClInclude>
    <ClInclude Include="..\..\dependencies\Champollion\Decompiler\Node\Visitor.hpp">
      <Filter>Champollion\Decompiler\Node</Filter>
    </ClInclude>
    <ClInclude Include="..\..\dependencies\Champollion\Decompiler\Node\While.hpp">
      <Filter>Champollion\Decompiler\Node</Filter>
    </ClInclude>
    <ClInclude Include="..\..\dependencies\Champollion\Decompiler\Node\WithNode.hpp">
      <Filter>Champollion\Decompiler\Node</Filter>
    </ClInclude>
    <ClInclude Include="..\..\dependencies\f4se\src\f4se\f4se\PapyrusValue.h">
      <Filter>F4SE</Filter>
    </ClInclude>
    <ClInclude Include="..\..\dependencies\f4se\src\f4se\f4se\PapyrusInterfaces.h">
      <Filter>F4SE</Filter>
    </ClInclude>
    <ClInclude Include="..\..\dependencies\f4se\src\f4se\f4se\GameAPI.h">
      <Filter>F4SE</Filter>
    </ClInclude>
    <ClInclude Include="..\..\dependencies\f4se\src\f4se\f4se\PapyrusArgs.h">
      <Filter>F4SE</Filter>
    </ClInclude>
    <ClInclude Include="..\..\dependencies\f4se\src\f4se\f4se\GameExtraData.h">
      <Filter>F4SE</Filter>
    </ClInclude>
  </ItemGroup>
  <ItemGroup>
    <ClCompile Include="dllmain.cpp" />
    <ClCompile Include="..\..\dependencies\f4se\src\f4se\f4se\PapyrusVM.cpp">
      <Filter>F4SE</Filter>
    </ClCompile>
    <ClCompile Include="..\..\dependencies\f4se\src\f4se\f4se\PapyrusNativeFunctions.cpp">
      <Filter>F4SE</Filter>
    </ClCompile>
    <ClCompile Include="..\..\dependencies\f4se\src\f4se\f4se\GameTypes.cpp">
      <Filter>F4SE</Filter>
    </ClCompile>
    <ClCompile Include="..\..\dependencies\f4se\src\f4se\f4se\GameUtilities.cpp">
      <Filter>F4SE</Filter>
    </ClCompile>
    <ClCompile Include="DebugServer.cpp" />
    <ClCompile Include="DebugServerSession.cpp" />
    <ClCompile Include="PapyrusDebugger.cpp" />
    <ClCompile Include="Pex.cpp" />
    <ClCompile Include="PexCache.cpp" />
    <ClCompile Include="RuntimeEvents.cpp" />
    <ClCompile Include="ScriptInfo.cpp" />
    <ClCompile Include="Tasks.cpp" />
    <ClCompile Include="protocol\cputil.cpp">
      <Filter>Protocol</Filter>
    </ClCompile>
    <ClCompile Include="protocol\vscodeprotocol.cpp">
      <Filter>Protocol</Filter>
    </ClCompile>
    <ClCompile Include="GameInterfaces.cpp" />
    <ClCompile Include="PexStreamReader.cpp" />
    <ClCompile Include="..\..\dependencies\Champollion\Pex\Binary.cpp">
      <Filter>Champollion\Pex</Filter>
    </ClCompile>
    <ClCompile Include="..\..\dependencies\Champollion\Pex\DebugInfo.cpp">
      <Filter>Champollion\Pex</Filter>
    </ClCompile>
    <ClCompile Include="..\..\dependencies\Champollion\Pex\DocumentedItem.cpp">
      <Filter>Champollion\Pex</Filter>
    </ClCompile>
    <ClCompile Include="..\..\dependencies\Champollion\Pex\FileReader.cpp">
      <Filter>Champollion\Pex</Filter>
    </ClCompile>
    <ClCompile Include="..\..\dependencies\Champollion\Pex\Function.cpp">
      <Filter>Champollion\Pex</Filter>
    </ClCompile>
    <ClCompile Include="..\..\dependencies\Champollion\Pex\Header.cpp">
      <Filter>Champollion\Pex</Filter>
    </ClCompile>
    <ClCompile Include="..\..\dependencies\Champollion\Pex\Instruction.cpp">
      <Filter>Champollion\Pex</Filter>
    </ClCompile>
    <ClCompile Include="..\..\dependencies\Champollion\Pex\NamedItem.cpp">
      <Filter>Champollion\Pex</Filter>
    </ClCompile>
    <ClCompile Include="..\..\dependencies\Champollion\Pex\Object.cpp">
      <Filter>Champollion\Pex</Filter>
    </ClCompile>
    <ClCompile Include="..\..\dependencies\Champollion\Pex\Property.cpp">
      <Filter>Champollion\Pex</Filter>
    </ClCompile>
    <ClCompile Include="..\..\dependencies\Champollion\Pex\State.cpp">
      <Filter>Champollion\Pex</Filter>
    </ClCompile>
    <ClCompile Include="..\..\dependencies\Champollion\Pex\StringTable.cpp">
      <Filter>Champollion\Pex</Filter>
    </ClCompile>
    <ClCompile Include="..\..\dependencies\Champollion\Pex\TypedItem.cpp">
      <Filter>Champollion\Pex</Filter>
    </ClCompile>
    <ClCompile Include="..\..\dependencies\Champollion\Pex\TypedName.cpp">
      <Filter>Champollion\Pex</Filter>
    </ClCompile>
    <ClCompile Include="..\..\dependencies\Champollion\Pex\UserFlag.cpp">
      <Filter>Champollion\Pex</Filter>
    </ClCompile>
    <ClCompile Include="..\..\dependencies\Champollion\Pex\UserFlagged.cpp">
      <Filter>Champollion\Pex</Filter>
    </ClCompile>
    <ClCompile Include="..\..\dependencies\Champollion\Pex\Value.cpp">
      <Filter>Champollion\Pex</Filter>
    </ClCompile>
    <ClCompile Include="..\..\dependencies\Champollion\Pex\Variable.cpp">
      <Filter>Champollion\Pex</Filter>
    </ClCompile>
    <ClCompile Include="..\..\dependencies\Champollion\Decompiler\AsmCoder.cpp">
      <Filter>Champollion\Decompiler</Filter>
    </ClCompile>
    <ClCompile Include="..\..\dependencies\Champollion\Decompiler\Coder.cpp">
      <Filter>Champollion\Decompiler</Filter>
    </ClCompile>
    <ClCompile Include="..\..\dependencies\Champollion\Decompiler\PscCodeBlock.cpp">
      <Filter>Champollion\Decompiler</Filter>
    </ClCompile>
    <ClCompile Include="..\..\dependencies\Champollion\Decompiler\PscCodeGenerator.cpp">
      <Filter>Champollion\Decompiler</Filter>
    </ClCompile>
    <ClCompile Include="..\..\dependencies\Champollion\Decompiler\PscCoder.cpp">
      <Filter>Champollion\Decompiler</Filter>
    </ClCompile>
    <ClCompile Include="..\..\dependencies\Champollion\Decompiler\PscDecompiler.cpp">
      <Filter>Champollion\Decompiler</Filter>
    </ClCompile>
    <ClCompile Include="..\..\dependencies\Champollion\Decompiler\Node\Base.cpp">
      <Filter>Champollion\Decompiler\Node</Filter>
    </ClCompile>
    <ClCompile Include="..\..\dependencies\Champollion\Decompiler\Node\NodeComparer.cpp">
      <Filter>Champollion\Decompiler\Node</Filter>
    </ClCompile>
    <ClCompile Include="..\..\dependencies\Champollion\Decompiler\Node\Visitor.cpp">
      <Filter>Champollion\Decompiler\Node</Filter>
    </ClCompile>
    <ClCompile Include="..\..\dependencies\f4se\src\f4se\f4se\PapyrusValue.cpp">
      <Filter>F4SE</Filter>
    </ClCompile>
    <ClCompile Include="..\..\dependencies\f4se\src\f4se\f4se\PapyrusInterfaces.cpp">
      <Filter>F4SE</Filter>
    </ClCompile>
    <ClCompile Include="..\..\dependencies\f4se\src\f4se\f4se\GameAPI.cpp">
      <Filter>F4SE</Filter>
    </ClCompile>
    <ClCompile Include="..\..\dependencies\f4se\src\f4se\f4se\PapyrusArgs.cpp">
      <Filter>F4SE</Filter>
    </ClCompile>
    <ClCompile Include="..\..\dependencies\f4se\src\f4se\f4se\GameExtraData.cpp">
      <Filter>F4SE</Filter>
    </ClCompile>
  </ItemGroup>
  <ItemGroup>
    <None Include="exports.def">
      <Filter>Resource Files</Filter>
    </None>
  </ItemGroup>
  <ItemGroup>
    <ResourceCompile Include="DarkId.Papyrus.DebugServer.rc">
      <Filter>Resource Files</Filter>
    </ResourceCompile>
  </ItemGroup>
</Project>