<?xml version="1.0" encoding="utf-8"?>
<Project ToolsVersion="4.0" xmlns="http://schemas.microsoft.com/developer/msbuild/2003">
  <ItemGroup>
    <Filter Include="Resource Files">
      <UniqueIdentifier>{67DA6AB6-F800-4c08-8B7A-83BB121AAD01}</UniqueIdentifier>
      <Extensions>rc;ico;cur;bmp;dlg;rc2;rct;bin;rgs;gif;jpg;jpeg;jpe;resx;tiff;tif;png;wav;mfcribbon-ms</Extensions>
    </Filter>
    <Filter Include="F4SE">
      <UniqueIdentifier>{f04c19c9-44e2-4a8f-8a70-8aa5afbd3ca2}</UniqueIdentifier>
    </Filter>
    <Filter Include="F4SE_Common">
      <UniqueIdentifier>{0583c895-2672-40c9-a5a6-9010cf156465}</UniqueIdentifier>
    </Filter>
  </ItemGroup>
  <ItemGroup>
    <ClInclude Include="..\..\dependencies\f4se\src\f4se\f4se_common\BranchTrampoline.h">
      <Filter>F4SE_Common</Filter>
    </ClInclude>
    <ClInclude Include="..\..\dependencies\f4se\src\f4se\f4se_common\f4se_version.h">
      <Filter>F4SE_Common</Filter>
    </ClInclude>
    <ClInclude Include="..\..\dependencies\f4se\src\f4se\f4se_common\Relocation.h">
      <Filter>F4SE_Common</Filter>
    </ClInclude>
    <ClInclude Include="..\..\dependencies\f4se\src\f4se\f4se_common\SafeWrite.h">
      <Filter>F4SE_Common</Filter>
    </ClInclude>
    <ClInclude Include="..\..\dependencies\f4se\src\f4se\f4se_common\Utilities.h">
      <Filter>F4SE_Common</Filter>
    </ClInclude>
    <ClInclude Include="..\..\dependencies\f4se\src\f4se\f4se\PluginAPI.h">
      <Filter>F4SE</Filter>
    </ClInclude>
    <ClInclude Include="resource.h" />
  </ItemGroup>
  <ItemGroup>
    <ClCompile Include="dllmain.cpp" />
    <ClCompile Include="..\..\dependencies\f4se\src\f4se\f4se_common\BranchTrampoline.cpp">
      <Filter>F4SE_Common</Filter>
    </ClCompile>
    <ClCompile Include="..\..\dependencies\f4se\src\f4se\f4se_common\Relocation.cpp">
      <Filter>F4SE_Common</Filter>
    </ClCompile>
    <ClCompile Include="..\..\dependencies\f4se\src\f4se\f4se_common\SafeWrite.cpp">
      <Filter>F4SE_Common</Filter>
    </ClCompile>
    <ClCompile Include="..\..\dependencies\f4se\src\f4se\f4se_common\Utilities.cpp">
      <Filter>F4SE_Common</Filter>
    </ClCompile>
  </ItemGroup>
  <ItemGroup>
    <None Include="exports.def">
      <Filter>Resource Files</Filter>
    </None>
  </ItemGroup>
  <ItemGroup>
    <ResourceCompile Include="DarkId.Papyrus.DebugServer.rc">
      <Filter>Resource Files</Filter>
    </ResourceCompile>
  </ItemGroup>
</Project>